
Microsoft Visual Studio Solution File, Format Version 12.00
# Visual Studio Version 17
VisualStudioVersion = 17.14.36221.1 d17.14
MinimumVisualStudioVersion = 10.0.40219.1
Project("{8BC9CEB8-8B4A-11D0-8D11-00A0C91BC942}") = "MusicSync", "MusicSync\MusicSync.vcxproj", "{8ECEC421-426B-409E-9006-0FF8433D5363}"
EndProject
Global
	GlobalSection(SolutionConfigurationPlatforms) = preSolution
		Release|x64 = Release|x64
	EndGlobalSection
	GlobalSection(ProjectConfigurationPlatforms) = postSolution
		{8ECEC421-426B-409E-9006-0FF8433D5363}.Release|x64.ActiveCfg = Release|x64
		{8ECEC421-426B-409E-9006-0FF8433D5363}.Release|x64.Build.0 = Release|x64
	EndGlobalSection
	GlobalSection(SolutionProperties) = preSolution
		HideSolutionNode = FALSE
	EndGlobalSection
	GlobalSection(ExtensibilityGlobals) = postSolution
		SolutionGuid = {9F76FBCA-17A3-411E-B017-F25B96A258DE}
	EndGlobalSection
EndGlobal
